
Microsoft Visual Studio Solution File, Format Version 12.00
Project("{FAE04EC0-301F-11D3-BF4B-00C04F79EFBC}") = "MarkdownDankifier", "MarkdownDankifier\MarkdownDankifier.csproj", "{46DFB984-9BDE-45F3-A816-C8399DEFBF62}"
EndProject
Global
	GlobalSection(SolutionConfigurationPlatforms) = preSolution
		Debug|Any CPU = Debug|Any CPU
		Release|Any CPU = Release|Any CPU
	EndGlobalSection
	GlobalSection(ProjectConfigurationPlatforms) = postSolution
		{46DFB984-9BDE-45F3-A816-C8399DEFBF62}.Debug|Any CPU.ActiveCfg = Debug|Any CPU
		{46DFB984-9BDE-45F3-A816-C8399DEFBF62}.Debug|Any CPU.Build.0 = Debug|Any CPU
		{46DFB984-9BDE-45F3-A816-C8399DEFBF62}.Release|Any CPU.ActiveCfg = Release|Any CPU
		{46DFB984-9BDE-45F3-A816-C8399DEFBF62}.Release|Any CPU.Build.0 = Release|Any CPU
	EndGlobalSection
EndGlobal
